
Microsoft Visual Studio Solution File, Format Version 12.00
# Visual Studio Version 17
VisualStudioVersion = 17.1.32328.378
MinimumVisualStudioVersion = 10.0.40219.1
Project("{9A19103F-16F7-4668-BE54-9A1E7A4F7556}") = "flowbox.api", "flowbox.web\flowbox.api.csproj", "{FA341516-5BAF-4493-96D8-D8D0D87C35BE}"
EndProject
Project("{9A19103F-16F7-4668-BE54-9A1E7A4F7556}") = "flowbox.shared", "flowbox.shared\flowbox.shared.csproj", "{BABF024E-23A5-4295-8542-DA3422A80C72}"
EndProject
Project("{9A19103F-16F7-4668-BE54-9A1E7A4F7556}") = "flowbox.site", "flowbox.site\flowbox.site.csproj", "{DEA946C8-AC81-43EF-B25B-23591EEE03C7}"
EndProject
Global
	GlobalSection(SolutionConfigurationPlatforms) = preSolution
		Debug|Any CPU = Debug|Any CPU
		Release|Any CPU = Release|Any CPU
	EndGlobalSection
	GlobalSection(ProjectConfigurationPlatforms) = postSolution
		{FA341516-5BAF-4493-96D8-D8D0D87C35BE}.Debug|Any CPU.ActiveCfg = Debug|Any CPU
		{FA341516-5BAF-4493-96D8-D8D0D87C35BE}.Debug|Any CPU.Build.0 = Debug|Any CPU
		{FA341516-5BAF-4493-96D8-D8D0D87C35BE}.Release|Any CPU.ActiveCfg = Release|Any CPU
		{FA341516-5BAF-4493-96D8-D8D0D87C35BE}.Release|Any CPU.Build.0 = Release|Any CPU
		{BABF024E-23A5-4295-8542-DA3422A80C72}.Debug|Any CPU.ActiveCfg = Debug|Any CPU
		{BABF024E-23A5-4295-8542-DA3422A80C72}.Debug|Any CPU.Build.0 = Debug|Any CPU
		{BABF024E-23A5-4295-8542-DA3422A80C72}.Release|Any CPU.ActiveCfg = Release|Any CPU
		{BABF024E-23A5-4295-8542-DA3422A80C72}.Release|Any CPU.Build.0 = Release|Any CPU
		{DEA946C8-AC81-43EF-B25B-23591EEE03C7}.Debug|Any CPU.ActiveCfg = Debug|Any CPU
		{DEA946C8-AC81-43EF-B25B-23591EEE03C7}.Debug|Any CPU.Build.0 = Debug|Any CPU
		{DEA946C8-AC81-43EF-B25B-23591EEE03C7}.Release|Any CPU.ActiveCfg = Release|Any CPU
		{DEA946C8-AC81-43EF-B25B-23591EEE03C7}.Release|Any CPU.Build.0 = Release|Any CPU
	EndGlobalSection
	GlobalSection(SolutionProperties) = preSolution
		HideSolutionNode = FALSE
	EndGlobalSection
	GlobalSection(ExtensibilityGlobals) = postSolution
		SolutionGuid = {26A73B3C-8F36-412B-AA8F-0093DA63CFCF}
	EndGlobalSection
EndGlobal
